
Microsoft Visual Studio Solution File, Format Version 12.00
# Visual Studio Version 16
VisualStudioVersion = 16.0.29920.165
MinimumVisualStudioVersion = 10.0.40219.1
Project("{FAE04EC0-301F-11D3-BF4B-00C04F79EFBC}") = "SevenDaysFront", "SevenDaysFront\SevenDaysFront.csproj", "{5AFA0AF3-9922-4D68-B4EF-7640010A2D29}"
EndProject
Global
	GlobalSection(SolutionConfigurationPlatforms) = preSolution
		Debug|Any CPU = Debug|Any CPU
		Release|Any CPU = Release|Any CPU
	EndGlobalSection
	GlobalSection(ProjectConfigurationPlatforms) = postSolution
		{5AFA0AF3-9922-4D68-B4EF-7640010A2D29}.Debug|Any CPU.ActiveCfg = Debug|Any CPU
		{5AFA0AF3-9922-4D68-B4EF-7640010A2D29}.Debug|Any CPU.Build.0 = Debug|Any CPU
		{5AFA0AF3-9922-4D68-B4EF-7640010A2D29}.Release|Any CPU.ActiveCfg = Release|Any CPU
		{5AFA0AF3-9922-4D68-B4EF-7640010A2D29}.Release|Any CPU.Build.0 = Release|Any CPU
	EndGlobalSection
	GlobalSection(SolutionProperties) = preSolution
		HideSolutionNode = FALSE
	EndGlobalSection
	GlobalSection(ExtensibilityGlobals) = postSolution
		SolutionGuid = {4B7B159D-4BEE-4A51-96A1-0096E2918988}
	EndGlobalSection
EndGlobal
